
Microsoft Visual Studio Solution File, Format Version 12.00
# Visual Studio 15
VisualStudioVersion = 15.0.27004.2009
MinimumVisualStudioVersion = 10.0.40219.1
Project("{FAE04EC0-301F-11D3-BF4B-00C04F79EFBC}") = "CreatePluginFromTemplate.Automation", "CreatePluginFromTemplate.Automation\CreatePluginFromTemplate.Automation.csproj", "{40DC3085-5380-462A-861C-31518F281E03}"
EndProject
Global
	GlobalSection(SolutionConfigurationPlatforms) = preSolution
		Debug|Any CPU = Debug|Any CPU
		Release|Any CPU = Release|Any CPU
	EndGlobalSection
	GlobalSection(ProjectConfigurationPlatforms) = postSolution
		{40DC3085-5380-462A-861C-31518F281E03}.Debug|Any CPU.ActiveCfg = Debug|Any CPU
		{40DC3085-5380-462A-861C-31518F281E03}.Debug|Any CPU.Build.0 = Debug|Any CPU
		{40DC3085-5380-462A-861C-31518F281E03}.Release|Any CPU.ActiveCfg = Release|Any CPU
		{40DC3085-5380-462A-861C-31518F281E03}.Release|Any CPU.Build.0 = Release|Any CPU
	EndGlobalSection
	GlobalSection(SolutionProperties) = preSolution
		HideSolutionNode = FALSE
	EndGlobalSection
	GlobalSection(ExtensibilityGlobals) = postSolution
		SolutionGuid = {6D9C26EF-3080-428C-941F-118F71305E88}
	EndGlobalSection
EndGlobal
